
Microsoft Visual Studio Solution File, Format Version 12.00
# Visual Studio 15
VisualStudioVersion = 15.0.28307.136
MinimumVisualStudioVersion = 10.0.40219.1
Project("{FAE04EC0-301F-11D3-BF4B-00C04F79EFBC}") = "APFS", "APFS\APFS.csproj", "{2BE2EEB5-7DAD-45EB-9DFC-529B9ECBC0DD}"
EndProject
Global
	GlobalSection(SolutionConfigurationPlatforms) = preSolution
		Debug|Any CPU = Debug|Any CPU
		Release|Any CPU = Release|Any CPU
	EndGlobalSection
	GlobalSection(ProjectConfigurationPlatforms) = postSolution
		{2BE2EEB5-7DAD-45EB-9DFC-529B9ECBC0DD}.Debug|Any CPU.ActiveCfg = Debug|Any CPU
		{2BE2EEB5-7DAD-45EB-9DFC-529B9ECBC0DD}.Debug|Any CPU.Build.0 = Debug|Any CPU
		{2BE2EEB5-7DAD-45EB-9DFC-529B9ECBC0DD}.Release|Any CPU.ActiveCfg = Release|Any CPU
		{2BE2EEB5-7DAD-45EB-9DFC-529B9ECBC0DD}.Release|Any CPU.Build.0 = Release|Any CPU
	EndGlobalSection
	GlobalSection(SolutionProperties) = preSolution
		HideSolutionNode = FALSE
	EndGlobalSection
	GlobalSection(ExtensibilityGlobals) = postSolution
		SolutionGuid = {A2CC250C-3255-496C-B26F-3F959B860C5D}
	EndGlobalSection
EndGlobal
